
Microsoft Visual Studio Solution File, Format Version 11.00
# Visual Studio 2010
Project("{FAE04EC0-301F-11D3-BF4B-00C04F79EFBC}") = "Assembly-CSharp", "Assembly-CSharp.csproj", "{431a69cd-4836-992c-aafc-f0c402aa574d}"
EndProject
Project("{FAE04EC0-301F-11D3-BF4B-00C04F79EFBC}") = "Assembly-CSharp-Editor", "Assembly-CSharp-Editor.csproj", "{fede8cc3-5e1f-43dc-f4c5-475e8114df91}"
EndProject
Global
	GlobalSection(SolutionConfigurationPlatforms) = preSolution
		Debug|Any CPU = Debug|Any CPU
	EndGlobalSection
	GlobalSection(ProjectConfigurationPlatforms) = postSolution
		{431a69cd-4836-992c-aafc-f0c402aa574d}.Debug|Any CPU.ActiveCfg = Debug|Any CPU
		{431a69cd-4836-992c-aafc-f0c402aa574d}.Debug|Any CPU.Build.0 = Debug|Any CPU
		{fede8cc3-5e1f-43dc-f4c5-475e8114df91}.Debug|Any CPU.ActiveCfg = Debug|Any CPU
		{fede8cc3-5e1f-43dc-f4c5-475e8114df91}.Debug|Any CPU.Build.0 = Debug|Any CPU
	EndGlobalSection
	GlobalSection(SolutionProperties) = preSolution
		HideSolutionNode = FALSE
	EndGlobalSection
EndGlobal
